
Microsoft Visual Studio Solution File, Format Version 12.00
# Visual Studio 15
Project("{FAE04EC0-301F-11D3-BF4B-00C04F79EFBC}") = "Assembly-CSharp", "Assembly-CSharp.csproj", "{14A52B37-3E41-651D-A273-ABBE07995285}"
EndProject
Project("{FAE04EC0-301F-11D3-BF4B-00C04F79EFBC}") = "Assembly-CSharp-Editor", "Assembly-CSharp-Editor.csproj", "{4C4DB225-B22B-5FA4-5D4B-C69AB43EC6F7}"
EndProject
Global
	GlobalSection(SolutionConfigurationPlatforms) = preSolution
		Debug|Any CPU = Debug|Any CPU
		Release|Any CPU = Release|Any CPU
	EndGlobalSection
	GlobalSection(ProjectConfigurationPlatforms) = postSolution
		{14A52B37-3E41-651D-A273-ABBE07995285}.Debug|Any CPU.ActiveCfg = Debug|Any CPU
		{14A52B37-3E41-651D-A273-ABBE07995285}.Debug|Any CPU.Build.0 = Debug|Any CPU
		{14A52B37-3E41-651D-A273-ABBE07995285}.Release|Any CPU.ActiveCfg = Release|Any CPU
		{14A52B37-3E41-651D-A273-ABBE07995285}.Release|Any CPU.Build.0 = Release|Any CPU
		{4C4DB225-B22B-5FA4-5D4B-C69AB43EC6F7}.Debug|Any CPU.ActiveCfg = Debug|Any CPU
		{4C4DB225-B22B-5FA4-5D4B-C69AB43EC6F7}.Debug|Any CPU.Build.0 = Debug|Any CPU
		{4C4DB225-B22B-5FA4-5D4B-C69AB43EC6F7}.Release|Any CPU.ActiveCfg = Release|Any CPU
		{4C4DB225-B22B-5FA4-5D4B-C69AB43EC6F7}.Release|Any CPU.Build.0 = Release|Any CPU
	EndGlobalSection
	GlobalSection(SolutionProperties) = preSolution
		HideSolutionNode = FALSE
	EndGlobalSection
EndGlobal
